
Microsoft Visual Studio Solution File, Format Version 12.00
# Visual Studio Version 16
VisualStudioVersion = 16.0.31005.135
MinimumVisualStudioVersion = 10.0.40219.1
Project("{8BC9CEB8-8B4A-11D0-8D11-00A0C91BC942}") = "Musical App", "Project2\Project2.vcxproj", "{95D907FB-0BED-4DD4-A8C2-27A96D595E93}"
EndProject
Project("{54435603-DBB4-11D2-8724-00A0C9A8B90C}") = "Musical App Setup", "Musical App Setup\Musical App Setup.vdproj", "{D02923ED-BD20-4A2E-8B49-D590031AA0D8}"
EndProject
Global
	GlobalSection(SolutionConfigurationPlatforms) = preSolution
		Debug|x64 = Debug|x64
		Debug|x86 = Debug|x86
		Release|x64 = Release|x64
		Release|x86 = Release|x86
	EndGlobalSection
	GlobalSection(ProjectConfigurationPlatforms) = postSolution
		{95D907FB-0BED-4DD4-A8C2-27A96D595E93}.Debug|x64.ActiveCfg = Debug|x64
		{95D907FB-0BED-4DD4-A8C2-27A96D595E93}.Debug|x64.Build.0 = Debug|x64
		{95D907FB-0BED-4DD4-A8C2-27A96D595E93}.Debug|x86.ActiveCfg = Debug|Win32
		{95D907FB-0BED-4DD4-A8C2-27A96D595E93}.Debug|x86.Build.0 = Debug|Win32
		{95D907FB-0BED-4DD4-A8C2-27A96D595E93}.Release|x64.ActiveCfg = Release|x64
		{95D907FB-0BED-4DD4-A8C2-27A96D595E93}.Release|x64.Build.0 = Release|x64
		{95D907FB-0BED-4DD4-A8C2-27A96D595E93}.Release|x86.ActiveCfg = Release|Win32
		{95D907FB-0BED-4DD4-A8C2-27A96D595E93}.Release|x86.Build.0 = Release|Win32
		{D02923ED-BD20-4A2E-8B49-D590031AA0D8}.Debug|x64.ActiveCfg = Debug
		{D02923ED-BD20-4A2E-8B49-D590031AA0D8}.Debug|x86.ActiveCfg = Debug
		{D02923ED-BD20-4A2E-8B49-D590031AA0D8}.Debug|x86.Build.0 = Debug
		{D02923ED-BD20-4A2E-8B49-D590031AA0D8}.Release|x64.ActiveCfg = Release
		{D02923ED-BD20-4A2E-8B49-D590031AA0D8}.Release|x86.ActiveCfg = Release
		{D02923ED-BD20-4A2E-8B49-D590031AA0D8}.Release|x86.Build.0 = Release
	EndGlobalSection
	GlobalSection(SolutionProperties) = preSolution
		HideSolutionNode = FALSE
	EndGlobalSection
	GlobalSection(ExtensibilityGlobals) = postSolution
		SolutionGuid = {AF49304B-68C2-4F2B-9BF3-1E28A153C320}
	EndGlobalSection
EndGlobal
